// !$*UTF8*$!
{
	archiveVersion = 1;
	classes = {
	};
	objectVersion = 50;
	objects = {

/* Begin PBXBuildFile section */
		247147C22405C99F00EB378B /* AppDelegate.swift in Sources */ = {isa = PBXBuildFile; fileRef = 247147C12405C99F00EB378B /* AppDelegate.swift */; };
		247147C42405C99F00EB378B /* SceneDelegate.swift in Sources */ = {isa = PBXBuildFile; fileRef = 247147C32405C99F00EB378B /* SceneDelegate.swift */; };
		247147C62405C99F00EB378B /* ViewController.swift in Sources */ = {isa = PBXBuildFile; fileRef = 247147C52405C99F00EB378B /* ViewController.swift */; };
		247147C92405C99F00EB378B /* Main.storyboard in Resources */ = {isa = PBXBuildFile; fileRef = 247147C72405C99F00EB378B /* Main.storyboard */; };
		247147CB2405C9A200EB378B /* Assets.xcassets in Resources */ = {isa = PBXBuildFile; fileRef = 247147CA2405C9A200EB378B /* Assets.xcassets */; };
		247147CE2405C9A200EB378B /* LaunchScreen.storyboard in Resources */ = {isa = PBXBuildFile; fileRef = 247147CC2405C9A200EB378B /* LaunchScreen.storyboard */; };
		247147D92405C9A300EB378B /* InstagramTests.swift in Sources */ = {isa = PBXBuildFile; fileRef = 247147D82405C9A300EB378B /* InstagramTests.swift */; };
		247147E42405C9A300EB378B /* InstagramUITests.swift in Sources */ = {isa = PBXBuildFile; fileRef = 247147E32405C9A300EB378B /* InstagramUITests.swift */; };
/* End PBXBuildFile section */

/* Begin PBXContainerItemProxy section */
		247147D52405C9A300EB378B /* PBXContainerItemProxy */ = {
			isa = PBXContainerItemProxy;
			containerPortal = 247147B62405C99E00EB378B /* Project object */;
			proxyType = 1;
			remoteGlobalIDString = 247147BD2405C99F00EB378B;
			remoteInfo = Instagram;
		};
		247147E02405C9A300EB378B /* PBXContainerItemProxy */ = {
			isa = PBXContainerItemProxy;
			containerPortal = 247147B62405C99E00EB378B /* Project object */;
			proxyType = 1;
			remoteGlobalIDString = 247147BD2405C99F00EB378B;
			remoteInfo = Instagram;
		};
/* End PBXContainerItemProxy section */

/* Begin PBXFileReference section */
		247147BE2405C99F00EB378B /* Instagram.app */ = {isa = PBXFileReference; explicitFileType = wrapper.application; includeInIndex = 0; path = Instagram.app; sourceTree = BUILT_PRODUCTS_DIR; };
		247147C12405C99F00EB378B /* AppDelegate.swift */ = {isa = PBXFileReference; lastKnownFileType = sourcecode.swift; path = AppDelegate.swift; sourceTree = "<group>"; };
		247147C32405C99F00EB378B /* SceneDelegate.swift */ = {isa = PBXFileReference; lastKnownFileType = sourcecode.swift; path = SceneDelegate.swift; sourceTree = "<group>"; };
		247147C52405C99F00EB378B /* ViewController.swift */ = {isa = PBXFileReference; lastKnownFileType = sourcecode.swift; path = ViewController.swift; sourceTree = "<group>"; };
		247147C82405C99F00EB378B /* Base */ = {isa = PBXFileReference; lastKnownFileType = file.storyboard; name = Base; path = Base.lproj/Main.storyboard; sourceTree = "<group>"; };
		247147CA2405C9A200EB378B /* Assets.xcassets */ = {isa = PBXFileReference; lastKnownFileType = folder.assetcatalog; path = Assets.xcassets; sourceTree = "<group>"; };
		247147CD2405C9A200EB378B /* Base */ = {isa = PBXFileReference; lastKnownFileType = file.storyboard; name = Base; path = Base.lproj/LaunchScreen.storyboard; sourceTree = "<group>"; };
		247147CF2405C9A200EB378B /* Info.plist */ = {isa = PBXFileReference; lastKnownFileType = text.plist.xml; path = Info.plist; sourceTree = "<group>"; };
		247147D42405C9A300EB378B /* InstagramTests.xctest */ = {isa = PBXFileReference; explicitFileType = wrapper.cfbundle; includeInIndex = 0; path = InstagramTests.xctest; sourceTree = BUILT_PRODUCTS_DIR; };
		247147D82405C9A300EB378B /* InstagramTests.swift */ = {isa = PBXFileReference; lastKnownFileType = sourcecode.swift; path = InstagramTests.swift; sourceTree = "<group>"; };
		247147DA2405C9A300EB378B /* Info.plist */ = {isa = PBXFileReference; lastKnownFileType = text.plist.xml; path = Info.plist; sourceTree = "<group>"; };
		247147DF2405C9A300EB378B /* InstagramUITests.xctest */ = {isa = PBXFileReference; explicitFileType = wrapper.cfbundle; includeInIndex = 0; path = InstagramUITests.xctest; sourceTree = BUILT_PRODUCTS_DIR; };
		247147E32405C9A300EB378B /* InstagramUITests.swift */ = {isa = PBXFileReference; lastKnownFileType = sourcecode.swift; path = InstagramUITests.swift; sourceTree = "<group>"; };
		247147E52405C9A300EB378B /* Info.plist */ = {isa = PBXFileReference; lastKnownFileType = text.plist.xml; path = Info.plist; sourceTree = "<group>"; };
/* End PBXFileReference section */

/* Begin PBXFrameworksBuildPhase section */
		247147BB2405C99F00EB378B /* Frameworks */ = {
			isa = PBXFrameworksBuildPhase;
			buildActionMask = 2147483647;
			files = (
			);
			runOnlyForDeploymentPostprocessing = 0;
		};
		247147D12405C9A300EB378B /* Frameworks */ = {
			isa = PBXFrameworksBuildPhase;
			buildActionMask = 2147483647;
			files = (
			);
			runOnlyForDeploymentPostprocessing = 0;
		};
		247147DC2405C9A300EB378B /* Frameworks */ = {
			isa = PBXFrameworksBuildPhase;
			buildActionMask = 2147483647;
			files = (
			);
			runOnlyForDeploymentPostprocessing = 0;
		};
/* End PBXFrameworksBuildPhase section */

/* Begin PBXGroup section */
		247147B52405C99E00EB378B = {
			isa = PBXGroup;
			children = (
				247147C02405C99F00EB378B /* Instagram */,
				247147D72405C9A300EB378B /* InstagramTests */,
				247147E22405C9A300EB378B /* InstagramUITests */,
				247147BF2405C99F00EB378B /* Products */,
			);
			sourceTree = "<group>";
		};
		247147BF2405C99F00EB378B /* Products */ = {
			isa = PBXGroup;
			children = (
				247147BE2405C99F00EB378B /* Instagram.app */,
				247147D42405C9A300EB378B /* InstagramTests.xctest */,
				247147DF2405C9A300EB378B /* InstagramUITests.xctest */,
			);
			name = Products;
			sourceTree = "<group>";
		};
		247147C02405C99F00EB378B /* Instagram */ = {
			isa = PBXGroup;
			children = (
				247147C12405C99F00EB378B /* AppDelegate.swift */,
				247147C32405C99F00EB378B /* SceneDelegate.swift */,
				247147C52405C99F00EB378B /* ViewController.swift */,
				247147C72405C99F00EB378B /* Main.storyboard */,
				247147CA2405C9A200EB378B /* Assets.xcassets */,
				247147CC2405C9A200EB378B /* LaunchScreen.storyboard */,
				247147CF2405C9A200EB378B /* Info.plist */,
			);
			path = Instagram;
			sourceTree = "<group>";
		};
		247147D72405C9A300EB378B /* InstagramTests */ = {
			isa = PBXGroup;
			children = (
				247147D82405C9A300EB378B /* InstagramTests.swift */,
				247147DA2405C9A300EB378B /* Info.plist */,
			);
			path = InstagramTests;
			sourceTree = "<group>";
		};
		247147E22405C9A300EB378B /* InstagramUITests */ = {
			isa = PBXGroup;
			children = (
				247147E32405C9A300EB378B /* InstagramUITests.swift */,
				247147E52405C9A300EB378B /* Info.plist */,
			);
			path = InstagramUITests;
			sourceTree = "<group>";
		};
/* End PBXGroup section */

/* Begin PBXNativeTarget section */
		247147BD2405C99F00EB378B /* Instagram */ = {
			isa = PBXNativeTarget;
			buildConfigurationList = 247147E82405C9A300EB378B /* Build configuration list for PBXNativeTarget "Instagram" */;
			buildPhases = (
				247147BA2405C99F00EB378B /* Sources */,
				247147BB2405C99F00EB378B /* Frameworks */,
				247147BC2405C99F00EB378B /* Resources */,
			);
			buildRules = (
			);
			dependencies = (
			);
			name = Instagram;
			productName = Instagram;
			productReference = 247147BE2405C99F00EB378B /* Instagram.app */;
			productType = "com.apple.product-type.application";
		};
		247147D32405C9A300EB378B /* InstagramTests */ = {
			isa = PBXNativeTarget;
			buildConfigurationList = 247147EB2405C9A300EB378B /* Build configuration list for PBXNativeTarget "InstagramTests" */;
			buildPhases = (
				247147D02405C9A300EB378B /* Sources */,
				247147D12405C9A300EB378B /* Frameworks */,
				247147D22405C9A300EB378B /* Resources */,
			);
			buildRules = (
			);
			dependencies = (
				247147D62405C9A300EB378B /* PBXTargetDependency */,
			);
			name = InstagramTests;
			productName = InstagramTests;
			productReference = 247147D42405C9A300EB378B /* InstagramTests.xctest */;
			productType = "com.apple.product-type.bundle.unit-test";
		};
		247147DE2405C9A300EB378B /* InstagramUITests */ = {
			isa = PBXNativeTarget;
			buildConfigurationList = 247147EE2405C9A300EB378B /* Build configuration list for PBXNativeTarget "InstagramUITests" */;
			buildPhases = (
				247147DB2405C9A300EB378B /* Sources */,
				247147DC2405C9A300EB378B /* Frameworks */,
				247147DD2405C9A300EB378B /* Resources */,
			);
			buildRules = (
			);
			dependencies = (
				247147E12405C9A300EB378B /* PBXTargetDependency */,
			);
			name = InstagramUITests;
			productName = InstagramUITests;
			productReference = 247147DF2405C9A300EB378B /* InstagramUITests.xctest */;
			productType = "com.apple.product-type.bundle.ui-testing";
		};
/* End PBXNativeTarget section */

/* Begin PBXProject section */
		247147B62405C99E00EB378B /* Project object */ = {
			isa = PBXProject;
			attributes = {
				LastSwiftUpdateCheck = 1130;
				LastUpgradeCheck = 1130;
				ORGANIZATIONNAME = "Jorge Gaytan";
				TargetAttributes = {
					247147BD2405C99F00EB378B = {
						CreatedOnToolsVersion = 11.3.1;
					};
					247147D32405C9A300EB378B = {
						CreatedOnToolsVersion = 11.3.1;
						TestTargetID = 247147BD2405C99F00EB378B;
					};
					247147DE2405C9A300EB378B = {
						CreatedOnToolsVersion = 11.3.1;
						TestTargetID = 247147BD2405C99F00EB378B;
					};
				};
			};
			buildConfigurationList = 247147B92405C99E00EB378B /* Build configuration list for PBXProject "Instagram" */;
			compatibilityVersion = "Xcode 9.3";
			developmentRegion = en;
			hasScannedForEncodings = 0;
			knownRegions = (
				en,
				Base,
			);
			mainGroup = 247147B52405C99E00EB378B;
			productRefGroup = 247147BF2405C99F00EB378B /* Products */;
			projectDirPath = "";
			projectRoot = "";
			targets = (
				247147BD2405C99F00EB378B /* Instagram */,
				247147D32405C9A300EB378B /* InstagramTests */,
				247147DE2405C9A300EB378B /* InstagramUITests */,
			);
		};
/* End PBXProject section */

/* Begin PBXResourcesBuildPhase section */
		247147BC2405C99F00EB378B /* Resources */ = {
			isa = PBXResourcesBuildPhase;
			buildActionMask = 2147483647;
			files = (
				247147CE2405C9A200EB378B /* LaunchScreen.storyboard in Resources */,
				247147CB2405C9A200EB378B /* Assets.xcassets in Resources */,
				247147C92405C99F00EB378B /* Main.storyboard in Resources */,
			);
			runOnlyForDeploymentPostprocessing = 0;
		};
		247147D22405C9A300EB378B /* Resources */ = {
			isa = PBXResourcesBuildPhase;
			buildActionMask = 2147483647;
			files = (
			);
			runOnlyForDeploymentPostprocessing = 0;
		};
		247147DD2405C9A300EB378B /* Resources */ = {
			isa = PBXResourcesBuildPhase;
			buildActionMask = 2147483647;
			files = (
			);
			runOnlyForDeploymentPostprocessing = 0;
		};
/* End PBXResourcesBuildPhase section */

/* Begin PBXSourcesBuildPhase section */
		247147BA2405C99F00EB378B /* Sources */ = {
			isa = PBXSourcesBuildPhase;
			buildActionMask = 2147483647;
			files = (
				247147C62405C99F00EB378B /* ViewController.swift in Sources */,
				247147C22405C99F00EB378B /* AppDelegate.swift in Sources */,
				247147C42405C99F00EB378B /* SceneDelegate.swift in Sources */,
			);
			runOnlyForDeploymentPostprocessing = 0;
		};
		247147D02405C9A300EB378B /* Sources */ = {
			isa = PBXSourcesBuildPhase;
			buildActionMask = 2147483647;
			files = (
				247147D92405C9A300EB378B /* InstagramTests.swift in Sources */,
			);
			runOnlyForDeploymentPostprocessing = 0;
		};
		247147DB2405C9A300EB378B /* Sources */ = {
			isa = PBXSourcesBuildPhase;
			buildActionMask = 2147483647;
			files = (
				247147E42405C9A300EB378B /* InstagramUITests.swift in Sources */,
			);
			runOnlyForDeploymentPostprocessing = 0;
		};
/* End PBXSourcesBuildPhase section */

/* Begin PBXTargetDependency section */
		247147D62405C9A300EB378B /* PBXTargetDependency */ = {
			isa = PBXTargetDependency;
			target = 247147BD2405C99F00EB378B /* Instagram */;
			targetProxy = 247147D52405C9A300EB378B /* PBXContainerItemProxy */;
		};
		247147E12405C9A300EB378B /* PBXTargetDependency */ = {
			isa = PBXTargetDependency;
			target = 247147BD2405C99F00EB378B /* Instagram */;
			targetProxy = 247147E02405C9A300EB378B /* PBXContainerItemProxy */;
		};
/* End PBXTargetDependency section */

/* Begin PBXVariantGroup section */
		247147C72405C99F00EB378B /* Main.storyboard */ = {
			isa = PBXVariantGroup;
			children = (
				247147C82405C99F00EB378B /* Base */,
			);
			name = Main.storyboard;
			sourceTree = "<group>";
		};
		247147CC2405C9A200EB378B /* LaunchScreen.storyboard */ = {
			isa = PBXVariantGroup;
			children = (
				247147CD2405C9A200EB378B /* Base */,
			);
			name = LaunchScreen.storyboard;
			sourceTree = "<group>";
		};
/* End PBXVariantGroup section */

/* Begin XCBuildConfiguration section */
		247147E62405C9A300EB378B /* Debug */ = {
			isa = XCBuildConfiguration;
			buildSettings = {
				ALWAYS_SEARCH_USER_PATHS = NO;
				CLANG_ANALYZER_NONNULL = YES;
				CLANG_ANALYZER_NUMBER_OBJECT_CONVERSION = YES_AGGRESSIVE;
				CLANG_CXX_LANGUAGE_STANDARD = "gnu++14";
				CLANG_CXX_LIBRARY = "libc++";
				CLANG_ENABLE_MODULES = YES;
				CLANG_ENABLE_OBJC_ARC = YES;
				CLANG_ENABLE_OBJC_WEAK = YES;
				CLANG_WARN_BLOCK_CAPTURE_AUTORELEASING = YES;
				CLANG_WARN_BOOL_CONVERSION = YES;
				CLANG_WARN_COMMA = YES;
				CLANG_WARN_CONSTANT_CONVERSION = YES;
				CLANG_WARN_DEPRECATED_OBJC_IMPLEMENTATIONS = YES;
				CLANG_WARN_DIRECT_OBJC_ISA_USAGE = YES_ERROR;
				CLANG_WARN_DOCUMENTATION_COMMENTS = YES;
				CLANG_WARN_EMPTY_BODY = YES;
				CLANG_WARN_ENUM_CONVERSION = YES;
				CLANG_WARN_INFINITE_RECURSION = YES;
				CLANG_WARN_INT_CONVERSION = YES;
				CLANG_WARN_NON_LITERAL_NULL_CONVERSION = YES;
				CLANG_WARN_OBJC_IMPLICIT_RETAIN_SELF = YES;
				CLANG_WARN_OBJC_LITERAL_CONVERSION = YES;
				CLANG_WARN_OBJC_ROOT_CLASS = YES_ERROR;
				CLANG_WARN_RANGE_LOOP_ANALYSIS = YES;
				CLANG_WARN_STRICT_PROTOTYPES = YES;
				CLANG_WARN_SUSPICIOUS_MOVE = YES;
				CLANG_WARN_UNGUARDED_AVAILABILITY = YES_AGGRESSIVE;
				CLANG_WARN_UNREACHABLE_CODE = YES;
				CLANG_WARN__DUPLICATE_METHOD_MATCH = YES;
				COPY_PHASE_STRIP = NO;
				DEBUG_INFORMATION_FORMAT = dwarf;
				ENABLE_STRICT_OBJC_MSGSEND = YES;
				ENABLE_TESTABILITY = YES;
				GCC_C_LANGUAGE_STANDARD = gnu11;
				GCC_DYNAMIC_NO_PIC = NO;
				GCC_NO_COMMON_BLOCKS = YES;
				GCC_OPTIMIZATION_LEVEL = 0;
				GCC_PREPROCESSOR_DEFINITIONS = (
					"DEBUG=1",
					"$(inherited)",
				);
				GCC_WARN_64_TO_32_BIT_CONVERSION = YES;
				GCC_WARN_ABOUT_RETURN_TYPE = YES_ERROR;
				GCC_WARN_UNDECLARED_SELECTOR = YES;
				GCC_WARN_UNINITIALIZED_AUTOS = YES_AGGRESSIVE;
				GCC_WARN_UNUSED_FUNCTION = YES;
				GCC_WARN_UNUSED_VARIABLE = YES;
				IPHONEOS_DEPLOYMENT_TARGET = 13.2;
				MTL_ENABLE_DEBUG_INFO = INCLUDE_SOURCE;
				MTL_FAST_MATH = YES;
				ONLY_ACTIVE_ARCH = YES;
				SDKROOT = iphoneos;
				SWIFT_ACTIVE_COMPILATION_CONDITIONS = DEBUG;
				SWIFT_OPTIMIZATION_LEVEL = "-Onone";
			};
			name = Debug;
		};
		247147E72405C9A300EB378B /* Release */ = {
			isa = XCBuildConfiguration;
			buildSettings = {
				ALWAYS_SEARCH_USER_PATHS = NO;
				CLANG_ANALYZER_NONNULL = YES;
				CLANG_ANALYZER_NUMBER_OBJECT_CONVERSION = YES_AGGRESSIVE;
				CLANG_CXX_LANGUAGE_STANDARD = "gnu++14";
				CLANG_CXX_LIBRARY = "libc++";
				CLANG_ENABLE_MODULES = YES;
				CLANG_ENABLE_OBJC_ARC = YES;
				CLANG_ENABLE_OBJC_WEAK = YES;
				CLANG_WARN_BLOCK_CAPTURE_AUTORELEASING = YES;
				CLANG_WARN_BOOL_CONVERSION = YES;
				CLANG_WARN_COMMA = YES;
				CLANG_WARN_CONSTANT_CONVERSION = YES;
				CLANG_WARN_DEPRECATED_OBJC_IMPLEMENTATIONS = YES;
				CLANG_WARN_DIRECT_OBJC_ISA_USAGE = YES_ERROR;
				CLANG_WARN_DOCUMENTATION_COMMENTS = YES;
				CLANG_WARN_EMPTY_BODY = YES;
				CLANG_WARN_ENUM_CONVERSION = YES;
				CLANG_WARN_INFINITE_RECURSION = YES;
				CLANG_WARN_INT_CONVERSION = YES;
				CLANG_WARN_NON_LITERAL_NULL_CONVERSION = YES;
				CLANG_WARN_OBJC_IMPLICIT_RETAIN_SELF = YES;
				CLANG_WARN_OBJC_LITERAL_CONVERSION = YES;
				CLANG_WARN_OBJC_ROOT_CLASS = YES_ERROR;
				CLANG_WARN_RANGE_LOOP_ANALYSIS = YES;
				CLANG_WARN_STRICT_PROTOTYPES = YES;
				CLANG_WARN_SUSPICIOUS_MOVE = YES;
				CLANG_WARN_UNGUARDED_AVAILABILITY = YES_AGGRESSIVE;
				CLANG_WARN_UNREACHABLE_CODE = YES;
				CLANG_WARN__DUPLICATE_METHOD_MATCH = YES;
				COPY_PHASE_STRIP = NO;
				DEBUG_INFORMATION_FORMAT = "dwarf-with-dsym";
				ENABLE_NS_ASSERTIONS = NO;
				ENABLE_STRICT_OBJC_MSGSEND = YES;
				GCC_C_LANGUAGE_STANDARD = gnu11;
				GCC_NO_COMMON_BLOCKS = YES;
				GCC_WARN_64_TO_32_BIT_CONVERSION = YES;
				GCC_WARN_ABOUT_RETURN_TYPE = YES_ERROR;
				GCC_WARN_UNDECLARED_SELECTOR = YES;
				GCC_WARN_UNINITIALIZED_AUTOS = YES_AGGRESSIVE;
				GCC_WARN_UNUSED_FUNCTION = YES;
				GCC_WARN_UNUSED_VARIABLE = YES;
				IPHONEOS_DEPLOYMENT_TARGET = 13.2;
				MTL_ENABLE_DEBUG_INFO = NO;
				MTL_FAST_MATH = YES;
				SDKROOT = iphoneos;
				SWIFT_COMPILATION_MODE = wholemodule;
				SWIFT_OPTIMIZATION_LEVEL = "-O";
				VALIDATE_PRODUCT = YES;
			};
			name = Release;
		};
		247147E92405C9A300EB378B /* Debug */ = {
			isa = XCBuildConfiguration;
			buildSettings = {
				ASSETCATALOG_COMPILER_APPICON_NAME = AppIcon;
				CODE_SIGN_STYLE = Automatic;
				INFOPLIST_FILE = Instagram/Info.plist;
				LD_RUNPATH_SEARCH_PATHS = (
					"$(inherited)",
					"@executable_path/Frameworks",
				);
				PRODUCT_BUNDLE_IDENTIFIER = com.jorlopez.Instagram;
				PRODUCT_NAME = "$(TARGET_NAME)";
				SWIFT_VERSION = 5.0;
				TARGETED_DEVICE_FAMILY = "1,2";
			};
			name = Debug;
		};
		247147EA2405C9A300EB378B /* Release */ = {
			isa = XCBuildConfiguration;
			buildSettings = {
				ASSETCATALOG_COMPILER_APPICON_NAME = AppIcon;
				CODE_SIGN_STYLE = Automatic;
				INFOPLIST_FILE = Instagram/Info.plist;
				LD_RUNPATH_SEARCH_PATHS = (
					"$(inherited)",
					"@executable_path/Frameworks",
				);
				PRODUCT_BUNDLE_IDENTIFIER = com.jorlopez.Instagram;
				PRODUCT_NAME = "$(TARGET_NAME)";
				SWIFT_VERSION = 5.0;
				TARGETED_DEVICE_FAMILY = "1,2";
			};
			name = Release;
		};
		247147EC2405C9A300EB378B /* Debug */ = {
			isa = XCBuildConfiguration;
			buildSettings = {
				ALWAYS_EMBED_SWIFT_STANDARD_LIBRARIES = YES;
				BUNDLE_LOADER = "$(TEST_HOST)";
				CODE_SIGN_STYLE = Automatic;
				INFOPLIST_FILE = InstagramTests/Info.plist;
				IPHONEOS_DEPLOYMENT_TARGET = 13.2;
				LD_RUNPATH_SEARCH_PATHS = (
					"$(inherited)",
					"@executable_path/Frameworks",
					"@loader_path/Frameworks",
				);
				PRODUCT_BUNDLE_IDENTIFIER = com.jorlopez.InstagramTests;
				PRODUCT_NAME = "$(TARGET_NAME)";
				SWIFT_VERSION = 5.0;
				TARGETED_DEVICE_FAMILY = "1,2";
				TEST_HOST = "$(BUILT_PRODUCTS_DIR)/Instagram.app/Instagram";
			};
			name = Debug;
		};
		247147ED2405C9A300EB378B /* Release */ = {
			isa = XCBuildConfiguration;
			buildSettings = {
				ALWAYS_EMBED_SWIFT_STANDARD_LIBRARIES = YES;
				BUNDLE_LOADER = "$(TEST_HOST)";
				CODE_SIGN_STYLE = Automatic;
				INFOPLIST_FILE = InstagramTests/Info.plist;
				IPHONEOS_DEPLOYMENT_TARGET = 13.2;
				LD_RUNPATH_SEARCH_PATHS = (
					"$(inherited)",
					"@executable_path/Frameworks",
					"@loader_path/Frameworks",
				);
				PRODUCT_BUNDLE_IDENTIFIER = com.jorlopez.InstagramTests;
				PRODUCT_NAME = "$(TARGET_NAME)";
				SWIFT_VERSION = 5.0;
				TARGETED_DEVICE_FAMILY = "1,2";
				TEST_HOST = "$(BUILT_PRODUCTS_DIR)/Instagram.app/Instagram";
			};
			name = Release;
		};
		247147EF2405C9A300EB378B /* Debug */ = {
			isa = XCBuildConfiguration;
			buildSettings = {
				ALWAYS_EMBED_SWIFT_STANDARD_LIBRARIES = YES;
				CODE_SIGN_STYLE = Automatic;
				INFOPLIST_FILE = InstagramUITests/Info.plist;
				LD_RUNPATH_SEARCH_PATHS = (
					"$(inherited)",
					"@executable_path/Frameworks",
					"@loader_path/Frameworks",
				);
				PRODUCT_BUNDLE_IDENTIFIER = com.jorlopez.InstagramUITests;
				PRODUCT_NAME = "$(TARGET_NAME)";
				SWIFT_VERSION = 5.0;
				TARGETED_DEVICE_FAMILY = "1,2";
				TEST_TARGET_NAME = Instagram;
			};
			name = Debug;
		};
		247147F02405C9A300EB378B /* Release */ = {
			isa = XCBuildConfiguration;
			buildSettings = {
				ALWAYS_EMBED_SWIFT_STANDARD_LIBRARIES = YES;
				CODE_SIGN_STYLE = Automatic;
				INFOPLIST_FILE = InstagramUITests/Info.plist;
				LD_RUNPATH_SEARCH_PATHS = (
					"$(inherited)",
					"@executable_path/Frameworks",
					"@loader_path/Frameworks",
				);
				PRODUCT_BUNDLE_IDENTIFIER = com.jorlopez.InstagramUITests;
				PRODUCT_NAME = "$(TARGET_NAME)";
				SWIFT_VERSION = 5.0;
				TARGETED_DEVICE_FAMILY = "1,2";
				TEST_TARGET_NAME = Instagram;
			};
			name = Release;
		};
/* End XCBuildConfiguration section */

/* Begin XCConfigurationList section */
		247147B92405C99E00EB378B /* Build configuration list for PBXProject "Instagram" */ = {
			isa = XCConfigurationList;
			buildConfigurations = (
				247147E62405C9A300EB378B /* Debug */,
				247147E72405C9A300EB378B /* Release */,
			);
			defaultConfigurationIsVisible = 0;
			defaultConfigurationName = Release;
		};
		247147E82405C9A300EB378B /* Build configuration list for PBXNativeTarget "Instagram" */ = {
			isa = XCConfigurationList;
			buildConfigurations = (
				247147E92405C9A300EB378B /* Debug */,
				247147EA2405C9A300EB378B /* Release */,
			);
			defaultConfigurationIsVisible = 0;
			defaultConfigurationName = Release;
		};
		247147EB2405C9A300EB378B /* Build configuration list for PBXNativeTarget "InstagramTests" */ = {
			isa = XCConfigurationList;
			buildConfigurations = (
				247147EC2405C9A300EB378B /* Debug */,
				247147ED2405C9A300EB378B /* Release */,
			);
			defaultConfigurationIsVisible = 0;
			defaultConfigurationName = Release;
		};
		247147EE2405C9A300EB378B /* Build configuration list for PBXNativeTarget "InstagramUITests" */ = {
			isa = XCConfigurationList;
			buildConfigurations = (
				247147EF2405C9A300EB378B /* Debug */,
				247147F02405C9A300EB378B /* Release */,
			);
			defaultConfigurationIsVisible = 0;
			defaultConfigurationName = Release;
		};
/* End XCConfigurationList section */
	};
	rootObject = 247147B62405C99E00EB378B /* Project object */;
}
